
Microsoft Visual Studio Solution File, Format Version 12.00
# Visual Studio Version 16
VisualStudioVersion = 16.0.29806.167
MinimumVisualStudioVersion = 10.0.40219.1
Project("{8BC9CEB8-8B4A-11D0-8D11-00A0C91BC942}") = "Code_1_6", "Code_1_6\Code_1_6.vcxproj", "{BA0D7EE7-9081-4098-8239-21C8E305A2AC}"
EndProject
Global
	GlobalSection(SolutionConfigurationPlatforms) = preSolution
		Debug|x64 = Debug|x64
		Debug|x86 = Debug|x86
		Release|x64 = Release|x64
		Release|x86 = Release|x86
	EndGlobalSection
	GlobalSection(ProjectConfigurationPlatforms) = postSolution
		{BA0D7EE7-9081-4098-8239-21C8E305A2AC}.Debug|x64.ActiveCfg = Debug|x64
		{BA0D7EE7-9081-4098-8239-21C8E305A2AC}.Debug|x64.Build.0 = Debug|x64
		{BA0D7EE7-9081-4098-8239-21C8E305A2AC}.Debug|x86.ActiveCfg = Debug|Win32
		{BA0D7EE7-9081-4098-8239-21C8E305A2AC}.Debug|x86.Build.0 = Debug|Win32
		{BA0D7EE7-9081-4098-8239-21C8E305A2AC}.Release|x64.ActiveCfg = Release|x64
		{BA0D7EE7-9081-4098-8239-21C8E305A2AC}.Release|x64.Build.0 = Release|x64
		{BA0D7EE7-9081-4098-8239-21C8E305A2AC}.Release|x86.ActiveCfg = Release|Win32
		{BA0D7EE7-9081-4098-8239-21C8E305A2AC}.Release|x86.Build.0 = Release|Win32
	EndGlobalSection
	GlobalSection(SolutionProperties) = preSolution
		HideSolutionNode = FALSE
	EndGlobalSection
	GlobalSection(ExtensibilityGlobals) = postSolution
		SolutionGuid = {C82A6D3D-7791-4836-A7DA-F1EDAC426E31}
	EndGlobalSection
EndGlobal
